
Microsoft Visual Studio Solution File, Format Version 12.00
# Visual Studio Version 16
VisualStudioVersion = 16.0.31911.196
MinimumVisualStudioVersion = 10.0.40219.1
Project("{8BC9CEB8-8B4A-11D0-8D11-00A0C91BC942}") = "Test", "Test.vcxproj", "{79521320-D180-43C8-89C9-B381F364F364}"
EndProject
Project("{8BC9CEB8-8B4A-11D0-8D11-00A0C91BC942}") = "ch3", "..\ch3\ch3.vcxproj", "{2611951A-DF39-45D4-8421-03908B758CDE}"
EndProject
Global
	GlobalSection(SolutionConfigurationPlatforms) = preSolution
		Debug|x64 = Debug|x64
		Debug|x86 = Debug|x86
		Release|x64 = Release|x64
		Release|x86 = Release|x86
	EndGlobalSection
	GlobalSection(ProjectConfigurationPlatforms) = postSolution
		{79521320-D180-43C8-89C9-B381F364F364}.Debug|x64.ActiveCfg = Debug|x64
		{79521320-D180-43C8-89C9-B381F364F364}.Debug|x64.Build.0 = Debug|x64
		{79521320-D180-43C8-89C9-B381F364F364}.Debug|x86.ActiveCfg = Debug|Win32
		{79521320-D180-43C8-89C9-B381F364F364}.Debug|x86.Build.0 = Debug|Win32
		{79521320-D180-43C8-89C9-B381F364F364}.Release|x64.ActiveCfg = Release|x64
		{79521320-D180-43C8-89C9-B381F364F364}.Release|x64.Build.0 = Release|x64
		{79521320-D180-43C8-89C9-B381F364F364}.Release|x86.ActiveCfg = Release|Win32
		{79521320-D180-43C8-89C9-B381F364F364}.Release|x86.Build.0 = Release|Win32
		{2611951A-DF39-45D4-8421-03908B758CDE}.Debug|x64.ActiveCfg = Debug|x64
		{2611951A-DF39-45D4-8421-03908B758CDE}.Debug|x64.Build.0 = Debug|x64
		{2611951A-DF39-45D4-8421-03908B758CDE}.Debug|x86.ActiveCfg = Debug|Win32
		{2611951A-DF39-45D4-8421-03908B758CDE}.Debug|x86.Build.0 = Debug|Win32
		{2611951A-DF39-45D4-8421-03908B758CDE}.Release|x64.ActiveCfg = Release|x64
		{2611951A-DF39-45D4-8421-03908B758CDE}.Release|x64.Build.0 = Release|x64
		{2611951A-DF39-45D4-8421-03908B758CDE}.Release|x86.ActiveCfg = Release|Win32
		{2611951A-DF39-45D4-8421-03908B758CDE}.Release|x86.Build.0 = Release|Win32
	EndGlobalSection
	GlobalSection(SolutionProperties) = preSolution
		HideSolutionNode = FALSE
	EndGlobalSection
	GlobalSection(ExtensibilityGlobals) = postSolution
		SolutionGuid = {8A19CDAE-31E7-4FDD-B9A3-064C1E98DA49}
	EndGlobalSection
EndGlobal
